{
  "version": 4,
  "terraform_version": "1.11.4",
  "serial": 18,
  "lineage": "81c40eba-8dfb-94de-9723-d9cfc650ea5f",
  "outputs": {
    "vm1_private_ip": {
      "value": "10.0.1.4",
      "type": "string"
    },
    "vm1_public_ip": {
      "value": "172.190.24.139",
      "type": "string"
    },
    "vm2_private_ip": {
      "value": "10.0.1.5",
      "type": "string"
    },
    "vm2_public_ip": {
      "value": "172.203.130.55",
      "type": "string"
    }
  },
  "resources": [
    {
      "mode": "managed",
      "type": "azurerm_linux_virtual_machine",
      "name": "vm1",
      "provider": "provider[\"registry.terraform.io/hashicorp/azurerm\"]",
      "instances": [
        {
          "schema_version": 0,
          "attributes": {
            "additional_capabilities": [],
            "admin_password": null,
            "admin_ssh_key": [
              {
                "public_key": "ssh-rsa AAAAB3NzaC1yc2EAAAADAQABAAABAQDbtFBzmu6ZBnl+UZslD1I1EmYn0+N4kwWb9/Hq7trQyVrRsyOMdT83eQnE+vjHDPKmUnG0AHmKgR5doOJSYfZvxIeITDc7KtDLD4xYG1xMY8+cs5EHWOzABR93GwUQ7nS3mgXYM6mnioA+z/5s3khSDEKp3dRIy0N9tD60EZ6ylct0Jc3f39+PyJCXJi6kp14t+3vf41deDkRODMAOglZU+G7OmOErhEREtVV89pHc5X/3ckIyG9v0QKZbdMbc6JBwicTPAdLve9Yl7hTpfW7lZlvO2zqjfmpSAX+0rVQeL94HYoE1y8Hg96Hv+tF+CUQPMrT4P1yn7aJgq/cxuVA3 aws",
                "username": "azureuser"
              }
            ],
            "admin_username": "azureuser",
            "allow_extension_operations": true,
            "availability_set_id": "",
            "boot_diagnostics": [],
            "bypass_platform_safety_checks_on_user_schedule_enabled": false,
            "capacity_reservation_group_id": "",
            "computer_name": "cmu-devops-project-vm1",
            "custom_data": null,
            "dedicated_host_group_id": "",
            "dedicated_host_id": "",
            "disable_password_authentication": true,
            "disk_controller_type": "",
            "edge_zone": "",
            "encryption_at_host_enabled": false,
            "eviction_policy": "",
            "extensions_time_budget": "PT1H30M",
            "gallery_application": [],
            "id": "/subscriptions/1b453d3a-af3d-4a40-a6be-f71dd5f8f026/resourceGroups/cmu-devops-project/providers/Microsoft.Compute/virtualMachines/cmu-devops-project-vm1",
            "identity": [],
            "license_type": "",
            "location": "eastus",
            "max_bid_price": -1,
            "name": "cmu-devops-project-vm1",
            "network_interface_ids": [
              "/subscriptions/1b453d3a-af3d-4a40-a6be-f71dd5f8f026/resourceGroups/cmu-devops-project/providers/Microsoft.Network/networkInterfaces/cmu-devops-project-vm1-nic"
            ],
            "os_disk": [
              {
                "caching": "ReadWrite",
                "diff_disk_settings": [],
                "disk_encryption_set_id": "",
                "disk_size_gb": 30,
                "id": "/subscriptions/1b453d3a-af3d-4a40-a6be-f71dd5f8f026/resourceGroups/cmu-devops-project/providers/Microsoft.Compute/disks/cmu-devops-project-vm1_OsDisk_1_e79363fd434b43869ecbf277a818bf9a",
                "name": "cmu-devops-project-vm1_OsDisk_1_e79363fd434b43869ecbf277a818bf9a",
                "secure_vm_disk_encryption_set_id": "",
                "security_encryption_type": "",
                "storage_account_type": "Standard_LRS",
                "write_accelerator_enabled": false
              }
            ],
            "os_image_notification": [],
            "patch_assessment_mode": "ImageDefault",
            "patch_mode": "ImageDefault",
            "plan": [],
            "platform_fault_domain": -1,
            "priority": "Regular",
            "private_ip_address": "10.0.1.4",
            "private_ip_addresses": [
              "10.0.1.4"
            ],
            "provision_vm_agent": true,
            "proximity_placement_group_id": "",
            "public_ip_address": "172.190.24.139",
            "public_ip_addresses": [
              "172.190.24.139"
            ],
            "reboot_setting": "",
            "resource_group_name": "cmu-devops-project",
            "secret": [],
            "secure_boot_enabled": false,
            "size": "Standard_B1s",
            "source_image_id": "",
            "source_image_reference": [
              {
                "offer": "debian-11",
                "publisher": "Debian",
                "sku": "11",
                "version": "latest"
              }
            ],
            "tags": null,
            "termination_notification": null,
            "timeouts": null,
            "user_data": "",
            "virtual_machine_id": "8ca7c166-8ee4-495a-893c-b115ef0ebe0d",
            "virtual_machine_scale_set_id": "",
            "vm_agent_platform_updates_enabled": false,
            "vtpm_enabled": false,
            "zone": ""
          },
          "sensitive_attributes": [
            [
              {
                "type": "get_attr",
                "value": "admin_password"
              }
            ],
            [
              {
                "type": "get_attr",
                "value": "custom_data"
              }
            ]
          ],
          "private": "eyJlMmJmYjczMC1lY2FhLTExZTYtOGY4OC0zNDM2M2JjN2M0YzAiOnsiY3JlYXRlIjoyNzAwMDAwMDAwMDAwLCJkZWxldGUiOjI3MDAwMDAwMDAwMDAsInJlYWQiOjMwMDAwMDAwMDAwMCwidXBkYXRlIjoyNzAwMDAwMDAwMDAwfX0=",
          "dependencies": [
            "azurerm_network_interface.vm1_nic",
            "azurerm_public_ip.vm1_public_ip",
            "azurerm_resource_group.main",
            "azurerm_subnet.internal",
            "azurerm_virtual_network.main"
          ]
        }
      ]
    },
    {
      "mode": "managed",
      "type": "azurerm_linux_virtual_machine",
      "name": "vm2",
      "provider": "provider[\"registry.terraform.io/hashicorp/azurerm\"]",
      "instances": [
        {
          "schema_version": 0,
          "attributes": {
            "additional_capabilities": [],
            "admin_password": null,
            "admin_ssh_key": [
              {
                "public_key": "ssh-rsa AAAAB3NzaC1yc2EAAAADAQABAAABAQDbtFBzmu6ZBnl+UZslD1I1EmYn0+N4kwWb9/Hq7trQyVrRsyOMdT83eQnE+vjHDPKmUnG0AHmKgR5doOJSYfZvxIeITDc7KtDLD4xYG1xMY8+cs5EHWOzABR93GwUQ7nS3mgXYM6mnioA+z/5s3khSDEKp3dRIy0N9tD60EZ6ylct0Jc3f39+PyJCXJi6kp14t+3vf41deDkRODMAOglZU+G7OmOErhEREtVV89pHc5X/3ckIyG9v0QKZbdMbc6JBwicTPAdLve9Yl7hTpfW7lZlvO2zqjfmpSAX+0rVQeL94HYoE1y8Hg96Hv+tF+CUQPMrT4P1yn7aJgq/cxuVA3 aws",
                "username": "azureuser"
              }
            ],
            "admin_username": "azureuser",
            "allow_extension_operations": true,
            "availability_set_id": "",
            "boot_diagnostics": [],
            "bypass_platform_safety_checks_on_user_schedule_enabled": false,
            "capacity_reservation_group_id": "",
            "computer_name": "cmu-devops-project-vm2",
            "custom_data": null,
            "dedicated_host_group_id": "",
            "dedicated_host_id": "",
            "disable_password_authentication": true,
            "disk_controller_type": "",
            "edge_zone": "",
            "encryption_at_host_enabled": false,
            "eviction_policy": "",
            "extensions_time_budget": "PT1H30M",
            "gallery_application": [],
            "id": "/subscriptions/1b453d3a-af3d-4a40-a6be-f71dd5f8f026/resourceGroups/cmu-devops-project/providers/Microsoft.Compute/virtualMachines/cmu-devops-project-vm2",
            "identity": [],
            "license_type": "",
            "location": "eastus",
            "max_bid_price": -1,
            "name": "cmu-devops-project-vm2",
            "network_interface_ids": [
              "/subscriptions/1b453d3a-af3d-4a40-a6be-f71dd5f8f026/resourceGroups/cmu-devops-project/providers/Microsoft.Network/networkInterfaces/cmu-devops-project-vm2-nic"
            ],
            "os_disk": [
              {
                "caching": "ReadWrite",
                "diff_disk_settings": [],
                "disk_encryption_set_id": "",
                "disk_size_gb": 30,
                "id": "/subscriptions/1b453d3a-af3d-4a40-a6be-f71dd5f8f026/resourceGroups/cmu-devops-project/providers/Microsoft.Compute/disks/cmu-devops-project-vm2_OsDisk_1_f448fa447a57467eb4a4070e5d820216",
                "name": "cmu-devops-project-vm2_OsDisk_1_f448fa447a57467eb4a4070e5d820216",
                "secure_vm_disk_encryption_set_id": "",
                "security_encryption_type": "",
                "storage_account_type": "Standard_LRS",
                "write_accelerator_enabled": false
              }
            ],
            "os_image_notification": [],
            "patch_assessment_mode": "ImageDefault",
            "patch_mode": "ImageDefault",
            "plan": [],
            "platform_fault_domain": -1,
            "priority": "Regular",
            "private_ip_address": "10.0.1.5",
            "private_ip_addresses": [
              "10.0.1.5"
            ],
            "provision_vm_agent": true,
            "proximity_placement_group_id": "",
            "public_ip_address": "172.203.130.55",
            "public_ip_addresses": [
              "172.203.130.55"
            ],
            "reboot_setting": "",
            "resource_group_name": "cmu-devops-project",
            "secret": [],
            "secure_boot_enabled": false,
            "size": "Standard_B1s",
            "source_image_id": "",
            "source_image_reference": [
              {
                "offer": "debian-11",
                "publisher": "Debian",
                "sku": "11",
                "version": "latest"
              }
            ],
            "tags": null,
            "termination_notification": null,
            "timeouts": null,
            "user_data": "",
            "virtual_machine_id": "86f24eab-ca37-4b74-bb9e-57de6f0e90a3",
            "virtual_machine_scale_set_id": "",
            "vm_agent_platform_updates_enabled": false,
            "vtpm_enabled": false,
            "zone": ""
          },
          "sensitive_attributes": [
            [
              {
                "type": "get_attr",
                "value": "custom_data"
              }
            ],
            [
              {
                "type": "get_attr",
                "value": "admin_password"
              }
            ]
          ],
          "private": "eyJlMmJmYjczMC1lY2FhLTExZTYtOGY4OC0zNDM2M2JjN2M0YzAiOnsiY3JlYXRlIjoyNzAwMDAwMDAwMDAwLCJkZWxldGUiOjI3MDAwMDAwMDAwMDAsInJlYWQiOjMwMDAwMDAwMDAwMCwidXBkYXRlIjoyNzAwMDAwMDAwMDAwfX0=",
          "dependencies": [
            "azurerm_network_interface.vm2_nic",
            "azurerm_public_ip.vm2_public_ip",
            "azurerm_resource_group.main",
            "azurerm_subnet.internal",
            "azurerm_virtual_network.main"
          ]
        }
      ]
    },
    {
      "mode": "managed",
      "type": "azurerm_network_interface",
      "name": "vm1_nic",
      "provider": "provider[\"registry.terraform.io/hashicorp/azurerm\"]",
      "instances": [
        {
          "schema_version": 0,
          "attributes": {
            "accelerated_networking_enabled": false,
            "applied_dns_servers": [],
            "auxiliary_mode": "",
            "auxiliary_sku": "",
            "dns_servers": [],
            "edge_zone": "",
            "id": "/subscriptions/1b453d3a-af3d-4a40-a6be-f71dd5f8f026/resourceGroups/cmu-devops-project/providers/Microsoft.Network/networkInterfaces/cmu-devops-project-vm1-nic",
            "internal_dns_name_label": "",
            "internal_domain_name_suffix": "kvglbvummneexcdcjyuk5zinia.bx.internal.cloudapp.net",
            "ip_configuration": [
              {
                "gateway_load_balancer_frontend_ip_configuration_id": "",
                "name": "internal",
                "primary": true,
                "private_ip_address": "10.0.1.4",
                "private_ip_address_allocation": "Dynamic",
                "private_ip_address_version": "IPv4",
                "public_ip_address_id": "/subscriptions/1b453d3a-af3d-4a40-a6be-f71dd5f8f026/resourceGroups/cmu-devops-project/providers/Microsoft.Network/publicIPAddresses/cmu-devops-project-vm1-public-ip",
                "subnet_id": "/subscriptions/1b453d3a-af3d-4a40-a6be-f71dd5f8f026/resourceGroups/cmu-devops-project/providers/Microsoft.Network/virtualNetworks/cmu-devops-project-vnet/subnets/cmu-devops-project-subnet"
              }
            ],
            "ip_forwarding_enabled": false,
            "location": "eastus",
            "mac_address": "",
            "name": "cmu-devops-project-vm1-nic",
            "private_ip_address": "10.0.1.4",
            "private_ip_addresses": [
              "10.0.1.4"
            ],
            "resource_group_name": "cmu-devops-project",
            "tags": {},
            "timeouts": null,
            "virtual_machine_id": ""
          },
          "sensitive_attributes": [],
          "private": "eyJlMmJmYjczMC1lY2FhLTExZTYtOGY4OC0zNDM2M2JjN2M0YzAiOnsiY3JlYXRlIjoxODAwMDAwMDAwMDAwLCJkZWxldGUiOjE4MDAwMDAwMDAwMDAsInJlYWQiOjMwMDAwMDAwMDAwMCwidXBkYXRlIjoxODAwMDAwMDAwMDAwfX0=",
          "dependencies": [
            "azurerm_public_ip.vm1_public_ip",
            "azurerm_resource_group.main",
            "azurerm_subnet.internal",
            "azurerm_virtual_network.main"
          ]
        }
      ]
    },
    {
      "mode": "managed",
      "type": "azurerm_network_interface",
      "name": "vm2_nic",
      "provider": "provider[\"registry.terraform.io/hashicorp/azurerm\"]",
      "instances": [
        {
          "schema_version": 0,
          "attributes": {
            "accelerated_networking_enabled": false,
            "applied_dns_servers": [],
            "auxiliary_mode": "",
            "auxiliary_sku": "",
            "dns_servers": [],
            "edge_zone": "",
            "id": "/subscriptions/1b453d3a-af3d-4a40-a6be-f71dd5f8f026/resourceGroups/cmu-devops-project/providers/Microsoft.Network/networkInterfaces/cmu-devops-project-vm2-nic",
            "internal_dns_name_label": "",
            "internal_domain_name_suffix": "kvglbvummneexcdcjyuk5zinia.bx.internal.cloudapp.net",
            "ip_configuration": [
              {
                "gateway_load_balancer_frontend_ip_configuration_id": "",
                "name": "internal",
                "primary": true,
                "private_ip_address": "10.0.1.5",
                "private_ip_address_allocation": "Dynamic",
                "private_ip_address_version": "IPv4",
                "public_ip_address_id": "/subscriptions/1b453d3a-af3d-4a40-a6be-f71dd5f8f026/resourceGroups/cmu-devops-project/providers/Microsoft.Network/publicIPAddresses/cmu-devops-project-vm2-public-ip",
                "subnet_id": "/subscriptions/1b453d3a-af3d-4a40-a6be-f71dd5f8f026/resourceGroups/cmu-devops-project/providers/Microsoft.Network/virtualNetworks/cmu-devops-project-vnet/subnets/cmu-devops-project-subnet"
              }
            ],
            "ip_forwarding_enabled": false,
            "location": "eastus",
            "mac_address": "",
            "name": "cmu-devops-project-vm2-nic",
            "private_ip_address": "10.0.1.5",
            "private_ip_addresses": [
              "10.0.1.5"
            ],
            "resource_group_name": "cmu-devops-project",
            "tags": {},
            "timeouts": null,
            "virtual_machine_id": ""
          },
          "sensitive_attributes": [],
          "private": "eyJlMmJmYjczMC1lY2FhLTExZTYtOGY4OC0zNDM2M2JjN2M0YzAiOnsiY3JlYXRlIjoxODAwMDAwMDAwMDAwLCJkZWxldGUiOjE4MDAwMDAwMDAwMDAsInJlYWQiOjMwMDAwMDAwMDAwMCwidXBkYXRlIjoxODAwMDAwMDAwMDAwfX0=",
          "dependencies": [
            "azurerm_public_ip.vm2_public_ip",
            "azurerm_resource_group.main",
            "azurerm_subnet.internal",
            "azurerm_virtual_network.main"
          ]
        }
      ]
    },
    {
      "mode": "managed",
      "type": "azurerm_network_security_group",
      "name": "main",
      "provider": "provider[\"registry.terraform.io/hashicorp/azurerm\"]",
      "instances": [
        {
          "schema_version": 0,
          "attributes": {
            "id": "/subscriptions/1b453d3a-af3d-4a40-a6be-f71dd5f8f026/resourceGroups/cmu-devops-project/providers/Microsoft.Network/networkSecurityGroups/cmu-devops-project-nsg",
            "location": "eastus",
            "name": "cmu-devops-project-nsg",
            "resource_group_name": "cmu-devops-project",
            "security_rule": [
              {
                "access": "Allow",
                "description": "",
                "destination_address_prefix": "*",
                "destination_address_prefixes": [],
                "destination_application_security_group_ids": [],
                "destination_port_range": "22",
                "destination_port_ranges": [],
                "direction": "Inbound",
                "name": "AllowSSH",
                "priority": 1001,
                "protocol": "Tcp",
                "source_address_prefix": "*",
                "source_address_prefixes": [],
                "source_application_security_group_ids": [],
                "source_port_range": "*",
                "source_port_ranges": []
              }
            ],
            "tags": {},
            "timeouts": null
          },
          "sensitive_attributes": [],
          "private": "eyJlMmJmYjczMC1lY2FhLTExZTYtOGY4OC0zNDM2M2JjN2M0YzAiOnsiY3JlYXRlIjoxODAwMDAwMDAwMDAwLCJkZWxldGUiOjE4MDAwMDAwMDAwMDAsInJlYWQiOjMwMDAwMDAwMDAwMCwidXBkYXRlIjoxODAwMDAwMDAwMDAwfX0=",
          "dependencies": [
            "azurerm_resource_group.main"
          ]
        }
      ]
    },
    {
      "mode": "managed",
      "type": "azurerm_public_ip",
      "name": "vm1_public_ip",
      "provider": "provider[\"registry.terraform.io/hashicorp/azurerm\"]",
      "instances": [
        {
          "schema_version": 0,
          "attributes": {
            "allocation_method": "Static",
            "ddos_protection_mode": "VirtualNetworkInherited",
            "ddos_protection_plan_id": null,
            "domain_name_label": null,
            "domain_name_label_scope": null,
            "edge_zone": "",
            "fqdn": null,
            "id": "/subscriptions/1b453d3a-af3d-4a40-a6be-f71dd5f8f026/resourceGroups/cmu-devops-project/providers/Microsoft.Network/publicIPAddresses/cmu-devops-project-vm1-public-ip",
            "idle_timeout_in_minutes": 4,
            "ip_address": "172.190.24.139",
            "ip_tags": {},
            "ip_version": "IPv4",
            "location": "eastus",
            "name": "cmu-devops-project-vm1-public-ip",
            "public_ip_prefix_id": null,
            "resource_group_name": "cmu-devops-project",
            "reverse_fqdn": null,
            "sku": "Standard",
            "sku_tier": "Regional",
            "tags": {},
            "timeouts": null,
            "zones": []
          },
          "sensitive_attributes": [],
          "private": "eyJlMmJmYjczMC1lY2FhLTExZTYtOGY4OC0zNDM2M2JjN2M0YzAiOnsiY3JlYXRlIjoxODAwMDAwMDAwMDAwLCJkZWxldGUiOjE4MDAwMDAwMDAwMDAsInJlYWQiOjMwMDAwMDAwMDAwMCwidXBkYXRlIjoxODAwMDAwMDAwMDAwfX0=",
          "dependencies": [
            "azurerm_resource_group.main"
          ]
        }
      ]
    },
    {
      "mode": "managed",
      "type": "azurerm_public_ip",
      "name": "vm2_public_ip",
      "provider": "provider[\"registry.terraform.io/hashicorp/azurerm\"]",
      "instances": [
        {
          "schema_version": 0,
          "attributes": {
            "allocation_method": "Static",
            "ddos_protection_mode": "VirtualNetworkInherited",
            "ddos_protection_plan_id": null,
            "domain_name_label": null,
            "domain_name_label_scope": null,
            "edge_zone": "",
            "fqdn": null,
            "id": "/subscriptions/1b453d3a-af3d-4a40-a6be-f71dd5f8f026/resourceGroups/cmu-devops-project/providers/Microsoft.Network/publicIPAddresses/cmu-devops-project-vm2-public-ip",
            "idle_timeout_in_minutes": 4,
            "ip_address": "172.203.130.55",
            "ip_tags": {},
            "ip_version": "IPv4",
            "location": "eastus",
            "name": "cmu-devops-project-vm2-public-ip",
            "public_ip_prefix_id": null,
            "resource_group_name": "cmu-devops-project",
            "reverse_fqdn": null,
            "sku": "Standard",
            "sku_tier": "Regional",
            "tags": {},
            "timeouts": null,
            "zones": []
          },
          "sensitive_attributes": [],
          "private": "eyJlMmJmYjczMC1lY2FhLTExZTYtOGY4OC0zNDM2M2JjN2M0YzAiOnsiY3JlYXRlIjoxODAwMDAwMDAwMDAwLCJkZWxldGUiOjE4MDAwMDAwMDAwMDAsInJlYWQiOjMwMDAwMDAwMDAwMCwidXBkYXRlIjoxODAwMDAwMDAwMDAwfX0=",
          "dependencies": [
            "azurerm_resource_group.main"
          ]
        }
      ]
    },
    {
      "mode": "managed",
      "type": "azurerm_resource_group",
      "name": "main",
      "provider": "provider[\"registry.terraform.io/hashicorp/azurerm\"]",
      "instances": [
        {
          "schema_version": 0,
          "attributes": {
            "id": "/subscriptions/1b453d3a-af3d-4a40-a6be-f71dd5f8f026/resourceGroups/cmu-devops-project",
            "location": "eastus",
            "managed_by": "",
            "name": "cmu-devops-project",
            "tags": {},
            "timeouts": null
          },
          "sensitive_attributes": [],
          "private": "eyJlMmJmYjczMC1lY2FhLTExZTYtOGY4OC0zNDM2M2JjN2M0YzAiOnsiY3JlYXRlIjo1NDAwMDAwMDAwMDAwLCJkZWxldGUiOjU0MDAwMDAwMDAwMDAsInJlYWQiOjMwMDAwMDAwMDAwMCwidXBkYXRlIjo1NDAwMDAwMDAwMDAwfX0="
        }
      ]
    },
    {
      "mode": "managed",
      "type": "azurerm_subnet",
      "name": "internal",
      "provider": "provider[\"registry.terraform.io/hashicorp/azurerm\"]",
      "instances": [
        {
          "schema_version": 0,
          "attributes": {
            "address_prefixes": [
              "10.0.1.0/24"
            ],
            "default_outbound_access_enabled": true,
            "delegation": [],
            "id": "/subscriptions/1b453d3a-af3d-4a40-a6be-f71dd5f8f026/resourceGroups/cmu-devops-project/providers/Microsoft.Network/virtualNetworks/cmu-devops-project-vnet/subnets/cmu-devops-project-subnet",
            "name": "cmu-devops-project-subnet",
            "private_endpoint_network_policies": "Disabled",
            "private_link_service_network_policies_enabled": true,
            "resource_group_name": "cmu-devops-project",
            "service_endpoint_policy_ids": [],
            "service_endpoints": [],
            "timeouts": null,
            "virtual_network_name": "cmu-devops-project-vnet"
          },
          "sensitive_attributes": [],
          "private": "eyJlMmJmYjczMC1lY2FhLTExZTYtOGY4OC0zNDM2M2JjN2M0YzAiOnsiY3JlYXRlIjoxODAwMDAwMDAwMDAwLCJkZWxldGUiOjE4MDAwMDAwMDAwMDAsInJlYWQiOjMwMDAwMDAwMDAwMCwidXBkYXRlIjoxODAwMDAwMDAwMDAwfX0=",
          "dependencies": [
            "azurerm_resource_group.main",
            "azurerm_virtual_network.main"
          ]
        }
      ]
    },
    {
      "mode": "managed",
      "type": "azurerm_subnet_network_security_group_association",
      "name": "rule",
      "provider": "provider[\"registry.terraform.io/hashicorp/azurerm\"]",
      "instances": [
        {
          "schema_version": 0,
          "attributes": {
            "id": "/subscriptions/1b453d3a-af3d-4a40-a6be-f71dd5f8f026/resourceGroups/cmu-devops-project/providers/Microsoft.Network/virtualNetworks/cmu-devops-project-vnet/subnets/cmu-devops-project-subnet",
            "network_security_group_id": "/subscriptions/1b453d3a-af3d-4a40-a6be-f71dd5f8f026/resourceGroups/cmu-devops-project/providers/Microsoft.Network/networkSecurityGroups/cmu-devops-project-nsg",
            "subnet_id": "/subscriptions/1b453d3a-af3d-4a40-a6be-f71dd5f8f026/resourceGroups/cmu-devops-project/providers/Microsoft.Network/virtualNetworks/cmu-devops-project-vnet/subnets/cmu-devops-project-subnet",
            "timeouts": null
          },
          "sensitive_attributes": [],
          "private": "eyJlMmJmYjczMC1lY2FhLTExZTYtOGY4OC0zNDM2M2JjN2M0YzAiOnsiY3JlYXRlIjoxODAwMDAwMDAwMDAwLCJkZWxldGUiOjE4MDAwMDAwMDAwMDAsInJlYWQiOjMwMDAwMDAwMDAwMH19",
          "dependencies": [
            "azurerm_network_security_group.main",
            "azurerm_resource_group.main",
            "azurerm_subnet.internal",
            "azurerm_virtual_network.main"
          ]
        }
      ]
    },
    {
      "mode": "managed",
      "type": "azurerm_virtual_network",
      "name": "main",
      "provider": "provider[\"registry.terraform.io/hashicorp/azurerm\"]",
      "instances": [
        {
          "schema_version": 0,
          "attributes": {
            "address_space": [
              "10.0.0.0/16"
            ],
            "bgp_community": "",
            "ddos_protection_plan": [],
            "dns_servers": [],
            "edge_zone": "",
            "encryption": [],
            "flow_timeout_in_minutes": 0,
            "guid": "d6b04c55-638c-4b48-8862-4e28afe50d40",
            "id": "/subscriptions/1b453d3a-af3d-4a40-a6be-f71dd5f8f026/resourceGroups/cmu-devops-project/providers/Microsoft.Network/virtualNetworks/cmu-devops-project-vnet",
            "location": "eastus",
            "name": "cmu-devops-project-vnet",
            "private_endpoint_vnet_policies": "Disabled",
            "resource_group_name": "cmu-devops-project",
            "subnet": [
              {
                "address_prefixes": [
                  "10.0.1.0/24"
                ],
                "default_outbound_access_enabled": true,
                "delegation": [],
                "id": "/subscriptions/1b453d3a-af3d-4a40-a6be-f71dd5f8f026/resourceGroups/cmu-devops-project/providers/Microsoft.Network/virtualNetworks/cmu-devops-project-vnet/subnets/cmu-devops-project-subnet",
                "name": "cmu-devops-project-subnet",
                "private_endpoint_network_policies": "Disabled",
                "private_link_service_network_policies_enabled": true,
                "route_table_id": "",
                "security_group": "/subscriptions/1b453d3a-af3d-4a40-a6be-f71dd5f8f026/resourceGroups/cmu-devops-project/providers/Microsoft.Network/networkSecurityGroups/cmu-devops-project-nsg",
                "service_endpoint_policy_ids": [],
                "service_endpoints": []
              }
            ],
            "tags": {},
            "timeouts": null
          },
          "sensitive_attributes": [],
          "private": "eyJlMmJmYjczMC1lY2FhLTExZTYtOGY4OC0zNDM2M2JjN2M0YzAiOnsiY3JlYXRlIjoxODAwMDAwMDAwMDAwLCJkZWxldGUiOjE4MDAwMDAwMDAwMDAsInJlYWQiOjMwMDAwMDAwMDAwMCwidXBkYXRlIjoxODAwMDAwMDAwMDAwfX0=",
          "dependencies": [
            "azurerm_resource_group.main"
          ]
        }
      ]
    }
  ],
  "check_results": null
}
